// !$*UTF8*$!
{
	archiveVersion = 1;
	classes = {
	};
	objectVersion = 50;
	objects = {

/* Begin PBXBuildFile section */
		FA59DD6425BF3EDE000BBC32 /* AppDelegate.swift in Sources */ = {isa = PBXBuildFile; fileRef = FA59DD6325BF3EDE000BBC32 /* AppDelegate.swift */; };
		FA59DD6625BF3EDE000BBC32 /* SceneDelegate.swift in Sources */ = {isa = PBXBuildFile; fileRef = FA59DD6525BF3EDE000BBC32 /* SceneDelegate.swift */; };
		FA59DD6825BF3EDE000BBC32 /* ViewController.swift in Sources */ = {isa = PBXBuildFile; fileRef = FA59DD6725BF3EDE000BBC32 /* ViewController.swift */; };
		FA59DD6B25BF3EDE000BBC32 /* Main.storyboard in Resources */ = {isa = PBXBuildFile; fileRef = FA59DD6925BF3EDE000BBC32 /* Main.storyboard */; };
		FA59DD6D25BF3EE0000BBC32 /* Assets.xcassets in Resources */ = {isa = PBXBuildFile; fileRef = FA59DD6C25BF3EE0000BBC32 /* Assets.xcassets */; };
		FA59DD7025BF3EE0000BBC32 /* LaunchScreen.storyboard in Resources */ = {isa = PBXBuildFile; fileRef = FA59DD6E25BF3EE0000BBC32 /* LaunchScreen.storyboard */; };
/* End PBXBuildFile section */

/* Begin PBXFileReference section */
		FA59DD6025BF3EDE000BBC32 /* MapLocation.app */ = {isa = PBXFileReference; explicitFileType = wrapper.application; includeInIndex = 0; path = MapLocation.app; sourceTree = BUILT_PRODUCTS_DIR; };
		FA59DD6325BF3EDE000BBC32 /* AppDelegate.swift */ = {isa = PBXFileReference; lastKnownFileType = sourcecode.swift; path = AppDelegate.swift; sourceTree = "<group>"; };
		FA59DD6525BF3EDE000BBC32 /* SceneDelegate.swift */ = {isa = PBXFileReference; lastKnownFileType = sourcecode.swift; path = SceneDelegate.swift; sourceTree = "<group>"; };
		FA59DD6725BF3EDE000BBC32 /* ViewController.swift */ = {isa = PBXFileReference; lastKnownFileType = sourcecode.swift; path = ViewController.swift; sourceTree = "<group>"; };
		FA59DD6A25BF3EDE000BBC32 /* Base */ = {isa = PBXFileReference; lastKnownFileType = file.storyboard; name = Base; path = Base.lproj/Main.storyboard; sourceTree = "<group>"; };
		FA59DD6C25BF3EE0000BBC32 /* Assets.xcassets */ = {isa = PBXFileReference; lastKnownFileType = folder.assetcatalog; path = Assets.xcassets; sourceTree = "<group>"; };
		FA59DD6F25BF3EE0000BBC32 /* Base */ = {isa = PBXFileReference; lastKnownFileType = file.storyboard; name = Base; path = Base.lproj/LaunchScreen.storyboard; sourceTree = "<group>"; };
		FA59DD7125BF3EE0000BBC32 /* Info.plist */ = {isa = PBXFileReference; lastKnownFileType = text.plist.xml; path = Info.plist; sourceTree = "<group>"; };
/* End PBXFileReference section */

/* Begin PBXFrameworksBuildPhase section */
		FA59DD5D25BF3EDD000BBC32 /* Frameworks */ = {
			isa = PBXFrameworksBuildPhase;
			buildActionMask = 2147483647;
			files = (
			);
			runOnlyForDeploymentPostprocessing = 0;
		};
/* End PBXFrameworksBuildPhase section */

/* Begin PBXGroup section */
		FA59DD5725BF3EDD000BBC32 = {
			isa = PBXGroup;
			children = (
				FA59DD6225BF3EDE000BBC32 /* MapLocation */,
				FA59DD6125BF3EDE000BBC32 /* Products */,
			);
			sourceTree = "<group>";
		};
		FA59DD6125BF3EDE000BBC32 /* Products */ = {
			isa = PBXGroup;
			children = (
				FA59DD6025BF3EDE000BBC32 /* MapLocation.app */,
			);
			name = Products;
			sourceTree = "<group>";
		};
		FA59DD6225BF3EDE000BBC32 /* MapLocation */ = {
			isa = PBXGroup;
			children = (
				FA59DD6325BF3EDE000BBC32 /* AppDelegate.swift */,
				FA59DD6525BF3EDE000BBC32 /* SceneDelegate.swift */,
				FA59DD6725BF3EDE000BBC32 /* ViewController.swift */,
				FA59DD6925BF3EDE000BBC32 /* Main.storyboard */,
				FA59DD6C25BF3EE0000BBC32 /* Assets.xcassets */,
				FA59DD6E25BF3EE0000BBC32 /* LaunchScreen.storyboard */,
				FA59DD7125BF3EE0000BBC32 /* Info.plist */,
			);
			path = MapLocation;
			sourceTree = "<group>";
		};
/* End PBXGroup section */

/* Begin PBXNativeTarget section */
		FA59DD5F25BF3EDD000BBC32 /* MapLocation */ = {
			isa = PBXNativeTarget;
			buildConfigurationList = FA59DD7425BF3EE0000BBC32 /* Build configuration list for PBXNativeTarget "MapLocation" */;
			buildPhases = (
				FA59DD5C25BF3EDD000BBC32 /* Sources */,
				FA59DD5D25BF3EDD000BBC32 /* Frameworks */,
				FA59DD5E25BF3EDD000BBC32 /* Resources */,
			);
			buildRules = (
			);
			dependencies = (
			);
			name = MapLocation;
			productName = MapLocation;
			productReference = FA59DD6025BF3EDE000BBC32 /* MapLocation.app */;
			productType = "com.apple.product-type.application";
		};
/* End PBXNativeTarget section */

/* Begin PBXProject section */
		FA59DD5825BF3EDD000BBC32 /* Project object */ = {
			isa = PBXProject;
			attributes = {
				LastSwiftUpdateCheck = 1230;
				LastUpgradeCheck = 1230;
				TargetAttributes = {
					FA59DD5F25BF3EDD000BBC32 = {
						CreatedOnToolsVersion = 12.3;
					};
				};
			};
			buildConfigurationList = FA59DD5B25BF3EDD000BBC32 /* Build configuration list for PBXProject "MapLocation" */;
			compatibilityVersion = "Xcode 9.3";
			developmentRegion = en;
			hasScannedForEncodings = 0;
			knownRegions = (
				en,
				Base,
			);
			mainGroup = FA59DD5725BF3EDD000BBC32;
			productRefGroup = FA59DD6125BF3EDE000BBC32 /* Products */;
			projectDirPath = "";
			projectRoot = "";
			targets = (
				FA59DD5F25BF3EDD000BBC32 /* MapLocation */,
			);
		};
/* End PBXProject section */

/* Begin PBXResourcesBuildPhase section */
		FA59DD5E25BF3EDD000BBC32 /* Resources */ = {
			isa = PBXResourcesBuildPhase;
			buildActionMask = 2147483647;
			files = (
				FA59DD7025BF3EE0000BBC32 /* LaunchScreen.storyboard in Resources */,
				FA59DD6D25BF3EE0000BBC32 /* Assets.xcassets in Resources */,
				FA59DD6B25BF3EDE000BBC32 /* Main.storyboard in Resources */,
			);
			runOnlyForDeploymentPostprocessing = 0;
		};
/* End PBXResourcesBuildPhase section */

/* Begin PBXSourcesBuildPhase section */
		FA59DD5C25BF3EDD000BBC32 /* Sources */ = {
			isa = PBXSourcesBuildPhase;
			buildActionMask = 2147483647;
			files = (
				FA59DD6825BF3EDE000BBC32 /* ViewController.swift in Sources */,
				FA59DD6425BF3EDE000BBC32 /* AppDelegate.swift in Sources */,
				FA59DD6625BF3EDE000BBC32 /* SceneDelegate.swift in Sources */,
			);
			runOnlyForDeploymentPostprocessing = 0;
		};
/* End PBXSourcesBuildPhase section */

/* Begin PBXVariantGroup section */
		FA59DD6925BF3EDE000BBC32 /* Main.storyboard */ = {
			isa = PBXVariantGroup;
			children = (
				FA59DD6A25BF3EDE000BBC32 /* Base */,
			);
			name = Main.storyboard;
			sourceTree = "<group>";
		};
		FA59DD6E25BF3EE0000BBC32 /* LaunchScreen.storyboard */ = {
			isa = PBXVariantGroup;
			children = (
				FA59DD6F25BF3EE0000BBC32 /* Base */,
			);
			name = LaunchScreen.storyboard;
			sourceTree = "<group>";
		};
/* End PBXVariantGroup section */

/* Begin XCBuildConfiguration section */
		FA59DD7225BF3EE0000BBC32 /* Debug */ = {
			isa = XCBuildConfiguration;
			buildSettings = {
				ALWAYS_SEARCH_USER_PATHS = NO;
				CLANG_ANALYZER_NONNULL = YES;
				CLANG_ANALYZER_NUMBER_OBJECT_CONVERSION = YES_AGGRESSIVE;
				CLANG_CXX_LANGUAGE_STANDARD = "gnu++14";
				CLANG_CXX_LIBRARY = "libc++";
				CLANG_ENABLE_MODULES = YES;
				CLANG_ENABLE_OBJC_ARC = YES;
				CLANG_ENABLE_OBJC_WEAK = YES;
				CLANG_WARN_BLOCK_CAPTURE_AUTORELEASING = YES;
				CLANG_WARN_BOOL_CONVERSION = YES;
				CLANG_WARN_COMMA = YES;
				CLANG_WARN_CONSTANT_CONVERSION = YES;
				CLANG_WARN_DEPRECATED_OBJC_IMPLEMENTATIONS = YES;
				CLANG_WARN_DIRECT_OBJC_ISA_USAGE = YES_ERROR;
				CLANG_WARN_DOCUMENTATION_COMMENTS = YES;
				CLANG_WARN_EMPTY_BODY = YES;
				CLANG_WARN_ENUM_CONVERSION = YES;
				CLANG_WARN_INFINITE_RECURSION = YES;
				CLANG_WARN_INT_CONVERSION = YES;
				CLANG_WARN_NON_LITERAL_NULL_CONVERSION = YES;
				CLANG_WARN_OBJC_IMPLICIT_RETAIN_SELF = YES;
				CLANG_WARN_OBJC_LITERAL_CONVERSION = YES;
				CLANG_WARN_OBJC_ROOT_CLASS = YES_ERROR;
				CLANG_WARN_QUOTED_INCLUDE_IN_FRAMEWORK_HEADER = YES;
				CLANG_WARN_RANGE_LOOP_ANALYSIS = YES;
				CLANG_WARN_STRICT_PROTOTYPES = YES;
				CLANG_WARN_SUSPICIOUS_MOVE = YES;
				CLANG_WARN_UNGUARDED_AVAILABILITY = YES_AGGRESSIVE;
				CLANG_WARN_UNREACHABLE_CODE = YES;
				CLANG_WARN__DUPLICATE_METHOD_MATCH = YES;
				COPY_PHASE_STRIP = NO;
				DEBUG_INFORMATION_FORMAT = dwarf;
				ENABLE_STRICT_OBJC_MSGSEND = YES;
				ENABLE_TESTABILITY = YES;
				GCC_C_LANGUAGE_STANDARD = gnu11;
				GCC_DYNAMIC_NO_PIC = NO;
				GCC_NO_COMMON_BLOCKS = YES;
				GCC_OPTIMIZATION_LEVEL = 0;
				GCC_PREPROCESSOR_DEFINITIONS = (
					"DEBUG=1",
					"$(inherited)",
				);
				GCC_WARN_64_TO_32_BIT_CONVERSION = YES;
				GCC_WARN_ABOUT_RETURN_TYPE = YES_ERROR;
				GCC_WARN_UNDECLARED_SELECTOR = YES;
				GCC_WARN_UNINITIALIZED_AUTOS = YES_AGGRESSIVE;
				GCC_WARN_UNUSED_FUNCTION = YES;
				GCC_WARN_UNUSED_VARIABLE = YES;
				IPHONEOS_DEPLOYMENT_TARGET = 14.3;
				MTL_ENABLE_DEBUG_INFO = INCLUDE_SOURCE;
				MTL_FAST_MATH = YES;
				ONLY_ACTIVE_ARCH = YES;
				SDKROOT = iphoneos;
				SWIFT_ACTIVE_COMPILATION_CONDITIONS = DEBUG;
				SWIFT_OPTIMIZATION_LEVEL = "-Onone";
			};
			name = Debug;
		};
		FA59DD7325BF3EE0000BBC32 /* Release */ = {
			isa = XCBuildConfiguration;
			buildSettings = {
				ALWAYS_SEARCH_USER_PATHS = NO;
				CLANG_ANALYZER_NONNULL = YES;
				CLANG_ANALYZER_NUMBER_OBJECT_CONVERSION = YES_AGGRESSIVE;
				CLANG_CXX_LANGUAGE_STANDARD = "gnu++14";
				CLANG_CXX_LIBRARY = "libc++";
				CLANG_ENABLE_MODULES = YES;
				CLANG_ENABLE_OBJC_ARC = YES;
				CLANG_ENABLE_OBJC_WEAK = YES;
				CLANG_WARN_BLOCK_CAPTURE_AUTORELEASING = YES;
				CLANG_WARN_BOOL_CONVERSION = YES;
				CLANG_WARN_COMMA = YES;
				CLANG_WARN_CONSTANT_CONVERSION = YES;
				CLANG_WARN_DEPRECATED_OBJC_IMPLEMENTATIONS = YES;
				CLANG_WARN_DIRECT_OBJC_ISA_USAGE = YES_ERROR;
				CLANG_WARN_DOCUMENTATION_COMMENTS = YES;
				CLANG_WARN_EMPTY_BODY = YES;
				CLANG_WARN_ENUM_CONVERSION = YES;
				CLANG_WARN_INFINITE_RECURSION = YES;
				CLANG_WARN_INT_CONVERSION = YES;
				CLANG_WARN_NON_LITERAL_NULL_CONVERSION = YES;
				CLANG_WARN_OBJC_IMPLICIT_RETAIN_SELF = YES;
				CLANG_WARN_OBJC_LITERAL_CONVERSION = YES;
				CLANG_WARN_OBJC_ROOT_CLASS = YES_ERROR;
				CLANG_WARN_QUOTED_INCLUDE_IN_FRAMEWORK_HEADER = YES;
				CLANG_WARN_RANGE_LOOP_ANALYSIS = YES;
				CLANG_WARN_STRICT_PROTOTYPES = YES;
				CLANG_WARN_SUSPICIOUS_MOVE = YES;
				CLANG_WARN_UNGUARDED_AVAILABILITY = YES_AGGRESSIVE;
				CLANG_WARN_UNREACHABLE_CODE = YES;
				CLANG_WARN__DUPLICATE_METHOD_MATCH = YES;
				COPY_PHASE_STRIP = NO;
				DEBUG_INFORMATION_FORMAT = "dwarf-with-dsym";
				ENABLE_NS_ASSERTIONS = NO;
				ENABLE_STRICT_OBJC_MSGSEND = YES;
				GCC_C_LANGUAGE_STANDARD = gnu11;
				GCC_NO_COMMON_BLOCKS = YES;
				GCC_WARN_64_TO_32_BIT_CONVERSION = YES;
				GCC_WARN_ABOUT_RETURN_TYPE = YES_ERROR;
				GCC_WARN_UNDECLARED_SELECTOR = YES;
				GCC_WARN_UNINITIALIZED_AUTOS = YES_AGGRESSIVE;
				GCC_WARN_UNUSED_FUNCTION = YES;
				GCC_WARN_UNUSED_VARIABLE = YES;
				IPHONEOS_DEPLOYMENT_TARGET = 14.3;
				MTL_ENABLE_DEBUG_INFO = NO;
				MTL_FAST_MATH = YES;
				SDKROOT = iphoneos;
				SWIFT_COMPILATION_MODE = wholemodule;
				SWIFT_OPTIMIZATION_LEVEL = "-O";
				VALIDATE_PRODUCT = YES;
			};
			name = Release;
		};
		FA59DD7525BF3EE0000BBC32 /* Debug */ = {
			isa = XCBuildConfiguration;
			buildSettings = {
				ASSETCATALOG_COMPILER_APPICON_NAME = AppIcon;
				ASSETCATALOG_COMPILER_GLOBAL_ACCENT_COLOR_NAME = AccentColor;
				CODE_SIGN_STYLE = Automatic;
				DEVELOPMENT_TEAM = 5698XH2G2V;
				INFOPLIST_FILE = MapLocation/Info.plist;
				LD_RUNPATH_SEARCH_PATHS = (
					"$(inherited)",
					"@executable_path/Frameworks",
				);
				PRODUCT_BUNDLE_IDENTIFIER = com.raviranjan.MapLocation;
				PRODUCT_NAME = "$(TARGET_NAME)";
				SWIFT_VERSION = 5.0;
				TARGETED_DEVICE_FAMILY = "1,2";
			};
			name = Debug;
		};
		FA59DD7625BF3EE0000BBC32 /* Release */ = {
			isa = XCBuildConfiguration;
			buildSettings = {
				ASSETCATALOG_COMPILER_APPICON_NAME = AppIcon;
				ASSETCATALOG_COMPILER_GLOBAL_ACCENT_COLOR_NAME = AccentColor;
				CODE_SIGN_STYLE = Automatic;
				DEVELOPMENT_TEAM = 5698XH2G2V;
				INFOPLIST_FILE = MapLocation/Info.plist;
				LD_RUNPATH_SEARCH_PATHS = (
					"$(inherited)",
					"@executable_path/Frameworks",
				);
				PRODUCT_BUNDLE_IDENTIFIER = com.raviranjan.MapLocation;
				PRODUCT_NAME = "$(TARGET_NAME)";
				SWIFT_VERSION = 5.0;
				TARGETED_DEVICE_FAMILY = "1,2";
			};
			name = Release;
		};
/* End XCBuildConfiguration section */

/* Begin XCConfigurationList section */
		FA59DD5B25BF3EDD000BBC32 /* Build configuration list for PBXProject "MapLocation" */ = {
			isa = XCConfigurationList;
			buildConfigurations = (
				FA59DD7225BF3EE0000BBC32 /* Debug */,
				FA59DD7325BF3EE0000BBC32 /* Release */,
			);
			defaultConfigurationIsVisible = 0;
			defaultConfigurationName = Release;
		};
		FA59DD7425BF3EE0000BBC32 /* Build configuration list for PBXNativeTarget "MapLocation" */ = {
			isa = XCConfigurationList;
			buildConfigurations = (
				FA59DD7525BF3EE0000BBC32 /* Debug */,
				FA59DD7625BF3EE0000BBC32 /* Release */,
			);
			defaultConfigurationIsVisible = 0;
			defaultConfigurationName = Release;
		};
/* End XCConfigurationList section */
	};
	rootObject = FA59DD5825BF3EDD000BBC32 /* Project object */;
}
